
Microsoft Visual Studio Solution File, Format Version 12.00
# Visual Studio Version 16
VisualStudioVersion = 16.0.31112.23
MinimumVisualStudioVersion = 10.0.40219.1
Project("{FAE04EC0-301F-11D3-BF4B-00C04F79EFBC}") = "Golf_ConsoleGame", "Golf_ConsoleGame\Golf_ConsoleGame.csproj", "{7259C1C0-F793-4B3A-9E73-C163D53501DF}"
EndProject
Global
	GlobalSection(SolutionConfigurationPlatforms) = preSolution
		Debug|Any CPU = Debug|Any CPU
		Release|Any CPU = Release|Any CPU
	EndGlobalSection
	GlobalSection(ProjectConfigurationPlatforms) = postSolution
		{7259C1C0-F793-4B3A-9E73-C163D53501DF}.Debug|Any CPU.ActiveCfg = Debug|Any CPU
		{7259C1C0-F793-4B3A-9E73-C163D53501DF}.Debug|Any CPU.Build.0 = Debug|Any CPU
		{7259C1C0-F793-4B3A-9E73-C163D53501DF}.Release|Any CPU.ActiveCfg = Release|Any CPU
		{7259C1C0-F793-4B3A-9E73-C163D53501DF}.Release|Any CPU.Build.0 = Release|Any CPU
	EndGlobalSection
	GlobalSection(SolutionProperties) = preSolution
		HideSolutionNode = FALSE
	EndGlobalSection
	GlobalSection(ExtensibilityGlobals) = postSolution
		SolutionGuid = {750CEE2C-161D-45B6-B275-144A531D568E}
	EndGlobalSection
EndGlobal
